<?xml version="1.0" encoding="utf-8"?>
<Project ToolsVersion="4.0" xmlns="http://schemas.microsoft.com/developer/msbuild/2003">
  <ItemGroup>
    <Filter Include="source_moss">
      <UniqueIdentifier>{ffa810cb-6d6f-4c20-b51f-663b9fae76dd}</UniqueIdentifier>
    </Filter>
    <Filter Include="source_moss\kernel">
      <UniqueIdentifier>{9cbf488b-739b-4917-b111-bd956eff554c}</UniqueIdentifier>
    </Filter>
    <Filter Include="source_moss\kernel\boot">
      <UniqueIdentifier>{1bda608b-b9f9-4e1a-bfb8-a3bcd96fb83d}</UniqueIdentifier>
    </Filter>
    <Filter Include="source_moss\kernel\graphics">
      <UniqueIdentifier>{f78fd928-af19-46f0-a83b-307a4e214733}</UniqueIdentifier>
    </Filter>
    <Filter Include="source_moss\kernel\graphics\gui">
      <UniqueIdentifier>{69433ce5-7b1e-4163-bafd-364211d8ee16}</UniqueIdentifier>
    </Filter>
    <Filter Include="source_moss\kernel\graphics\vesa">
      <UniqueIdentifier>{a6de09a4-6779-4740-8f4a-c435ab119e94}</UniqueIdentifier>
    </Filter>
    <Filter Include="source_moss\kernel\input">
      <UniqueIdentifier>{5e98915b-c793-43a2-b69b-8a2fbbecbd6d}</UniqueIdentifier>
    </Filter>
    <Filter Include="source_moss\kernel\input\devices">
      <UniqueIdentifier>{9d618ec8-1772-4106-9bc6-6c28476774c1}</UniqueIdentifier>
    </Filter>
    <Filter Include="source_moss\kernel\interrupt">
      <UniqueIdentifier>{caa92896-04f8-4764-b13d-b5b65205d4eb}</UniqueIdentifier>
    </Filter>
    <Filter Include="source_moss\kernel\io">
      <UniqueIdentifier>{a8319f44-3b56-4272-bd4b-494ace51ce35}</UniqueIdentifier>
    </Filter>
    <Filter Include="source_moss\kernel\memory">
      <UniqueIdentifier>{dc5374bf-e01f-4895-a430-e99c9fb42029}</UniqueIdentifier>
    </Filter>
    <Filter Include="source_moss\mosst">
      <UniqueIdentifier>{9d0c11e6-b582-4e01-9882-31c8a216f8d6}</UniqueIdentifier>
    </Filter>
    <Filter Include="source_moss\mossc">
      <UniqueIdentifier>{9494ac8f-f6e2-469a-ad18-0e54358e7580}</UniqueIdentifier>
    </Filter>
    <Filter Include="source_moss\mossc\math">
      <UniqueIdentifier>{dd43550b-95d2-4651-8cd7-c28b865f38c4}</UniqueIdentifier>
    </Filter>
    <Filter Include="source_moss\mossc\stdio">
      <UniqueIdentifier>{6b597beb-317b-43df-8b8e-279ee5c9589e}</UniqueIdentifier>
    </Filter>
    <Filter Include="source_moss\mossc\stdlib">
      <UniqueIdentifier>{622a6f33-8ada-4261-b367-320807b60aad}</UniqueIdentifier>
    </Filter>
    <Filter Include="source_moss\mossc\string">
      <UniqueIdentifier>{bb80e690-40a4-429d-b01a-245216bc7328}</UniqueIdentifier>
    </Filter>
    <Filter Include="source_moss\grub">
      <UniqueIdentifier>{08a35c83-8c5c-4c19-b431-8f0a04e9165e}</UniqueIdentifier>
    </Filter>
    <Filter Include="source_moss\kernel\disk">
      <UniqueIdentifier>{d3b6e2f1-d2e1-453e-a185-f7bdd7547d44}</UniqueIdentifier>
    </Filter>
    <Filter Include="source_moss\kernel\disk\ata">
      <UniqueIdentifier>{a8aa6293-5d02-4f1a-b372-442ce316b72c}</UniqueIdentifier>
    </Filter>
    <Filter Include="source_moss\kernel\disk\filesystems">
      <UniqueIdentifier>{e85fa722-ca7e-48d7-978b-5c8c98891b46}</UniqueIdentifier>
    </Filter>
    <Filter Include="source_moss\kernel\disk\filesystems\ext2">
      <UniqueIdentifier>{91eb9018-96b9-4bcd-aa6e-e6c867262cec}</UniqueIdentifier>
    </Filter>
    <Filter Include="source_moss\kernel\disk\filesystems\fat">
      <UniqueIdentifier>{d8a38e5a-9133-480c-b8fc-4a0980c8a0f6}</UniqueIdentifier>
    </Filter>
    <Filter Include="source_moss\kernel\disk\filesystems\lean">
      <UniqueIdentifier>{47c07fb2-34a3-46ca-829d-d6b913152056}</UniqueIdentifier>
    </Filter>
    <Filter Include="source_moss\kernel\graphics\vga">
      <UniqueIdentifier>{305cc36a-0dc8-4390-8773-054c804c41b8}</UniqueIdentifier>
    </Filter>
    <Filter Include="source_moss\kernel\interrupt\isr">
      <UniqueIdentifier>{9fd2aedc-d5e1-4c2c-ba50-979f80566118}</UniqueIdentifier>
    </Filter>
  </ItemGroup>
  <ItemGroup>
    <ClCompile Include="..\source_moss\kernel\graphics\gui\button.cpp">
      <Filter>source_moss\kernel\graphics\gui</Filter>
    </ClCompile>
    <ClCompile Include="..\source_moss\kernel\graphics\gui\component.cpp">
      <Filter>source_moss\kernel\graphics\gui</Filter>
    </ClCompile>
    <ClCompile Include="..\source_moss\kernel\graphics\gui\frame.cpp">
      <Filter>source_moss\kernel\graphics\gui</Filter>
    </ClCompile>
    <ClCompile Include="..\source_moss\kernel\graphics\gui\manager.cpp">
      <Filter>source_moss\kernel\graphics\gui</Filter>
    </ClCompile>
    <ClCompile Include="..\source_moss\kernel\graphics\gui\mouse.cpp">
      <Filter>source_moss\kernel\graphics\gui</Filter>
    </ClCompile>
    <ClCompile Include="..\source_moss\kernel\graphics\gui\rect.cpp">
      <Filter>source_moss\kernel\graphics\gui</Filter>
    </ClCompile>
    <ClCompile Include="..\source_moss\kernel\graphics\vesa\controller.cpp">
      <Filter>source_moss\kernel\graphics\vesa</Filter>
    </ClCompile>
    <ClCompile Include="..\source_moss\kernel\graphics\vesa\framebuffer.cpp">
      <Filter>source_moss\kernel\graphics\vesa</Filter>
    </ClCompile>
    <ClCompile Include="..\source_moss\kernel\graphics\vesa\mode.cpp">
      <Filter>source_moss\kernel\graphics\vesa</Filter>
    </ClCompile>
    <ClCompile Include="..\source_moss\kernel\graphics\bg.cpp">
      <Filter>source_moss\kernel\graphics</Filter>
    </ClCompile>
    <ClCompile Include="..\source_moss\kernel\graphics\font.cpp">
      <Filter>source_moss\kernel\graphics</Filter>
    </ClCompile>
    <ClCompile Include="..\source_moss\kernel\input\devices\controller_ps2.cpp">
      <Filter>source_moss\kernel\input\devices</Filter>
    </ClCompile>
    <ClCompile Include="..\source_moss\kernel\input\devices\interface_device_ps2.cpp">
      <Filter>source_moss\kernel\input\devices</Filter>
    </ClCompile>
    <ClCompile Include="..\source_moss\kernel\input\devices\interface_keyboard_ps2.cpp">
      <Filter>source_moss\kernel\input\devices</Filter>
    </ClCompile>
    <ClCompile Include="..\source_moss\kernel\input\devices\interface_mouse_ps2.cpp">
      <Filter>source_moss\kernel\input\devices</Filter>
    </ClCompile>
    <ClCompile Include="..\source_moss\kernel\input\keys.cpp">
      <Filter>source_moss\kernel\input</Filter>
    </ClCompile>
    <ClCompile Include="..\source_moss\kernel\interrupt\idt.cpp">
      <Filter>source_moss\kernel\interrupt</Filter>
    </ClCompile>
    <ClCompile Include="..\source_moss\kernel\interrupt\pic.cpp">
      <Filter>source_moss\kernel\interrupt</Filter>
    </ClCompile>
    <ClCompile Include="..\source_moss\kernel\io\io.cpp">
      <Filter>source_moss\kernel\io</Filter>
    </ClCompile>
    <ClCompile Include="..\source_moss\kernel\memory\gdt.cpp">
      <Filter>source_moss\kernel\memory</Filter>
    </ClCompile>
    <ClCompile Include="..\source_moss\kernel\memory\simple.cpp">
      <Filter>source_moss\kernel\memory</Filter>
    </ClCompile>
    <ClCompile Include="..\source_moss\kernel\kernel.cpp">
      <Filter>source_moss\kernel</Filter>
    </ClCompile>
    <ClCompile Include="..\source_moss\mossc\math\trig.cpp">
      <Filter>source_moss\mossc\math</Filter>
    </ClCompile>
    <ClCompile Include="..\source_moss\mossc\stdio\fmt_io.cpp">
      <Filter>source_moss\mossc\stdio</Filter>
    </ClCompile>
    <ClCompile Include="..\source_moss\mossc\stdlib\dyn_mem.cpp">
      <Filter>source_moss\mossc\stdlib</Filter>
    </ClCompile>
    <ClCompile Include="..\source_moss\mossc\stdlib\int_arith.cpp">
      <Filter>source_moss\mossc\stdlib</Filter>
    </ClCompile>
    <ClCompile Include="..\source_moss\mossc\string\comparison.cpp">
      <Filter>source_moss\mossc\string</Filter>
    </ClCompile>
    <ClCompile Include="..\source_moss\mossc\string\concatenation.cpp">
      <Filter>source_moss\mossc\string</Filter>
    </ClCompile>
    <ClCompile Include="..\source_moss\mossc\string\copying.cpp">
      <Filter>source_moss\mossc\string</Filter>
    </ClCompile>
    <ClCompile Include="..\source_moss\mossc\string\other.cpp">
      <Filter>source_moss\mossc\string</Filter>
    </ClCompile>
    <ClCompile Include="..\source_moss\mossc\string\searching.cpp">
      <Filter>source_moss\mossc\string</Filter>
    </ClCompile>
    <ClCompile Include="..\source_moss\mossc\_misc.cpp">
      <Filter>source_moss\mossc</Filter>
    </ClCompile>
    <ClCompile Include="..\source_moss\mosst\string.cpp">
      <Filter>source_moss\mosst</Filter>
    </ClCompile>
    <ClCompile Include="..\source_moss\includes.cpp">
      <Filter>source_moss</Filter>
    </ClCompile>
    <ClCompile Include="..\source_moss\kernel\kernel_entry.cpp">
      <Filter>source_moss\kernel</Filter>
    </ClCompile>
    <ClCompile Include="..\source_moss\kernel\misc.cpp">
      <Filter>source_moss\kernel</Filter>
    </ClCompile>
    <ClCompile Include="..\source_moss\kernel\disk\filesystems\ext2\block.cpp">
      <Filter>source_moss\kernel\disk\filesystems\ext2</Filter>
    </ClCompile>
    <ClCompile Include="..\source_moss\kernel\disk\ata\bus.cpp">
      <Filter>source_moss\kernel\disk\ata</Filter>
    </ClCompile>
    <ClCompile Include="..\source_moss\kernel\disk\ata\controller.cpp">
      <Filter>source_moss\kernel\disk\ata</Filter>
    </ClCompile>
    <ClCompile Include="..\source_moss\kernel\disk\ata\device.cpp">
      <Filter>source_moss\kernel\disk\ata</Filter>
    </ClCompile>
    <ClCompile Include="..\source_moss\kernel\disk\disk.cpp">
      <Filter>source_moss\kernel\disk</Filter>
    </ClCompile>
    <ClCompile Include="..\source_moss\kernel\disk\filesystems\ext2\superblock.cpp">
      <Filter>source_moss\kernel\disk\filesystems\ext2</Filter>
    </ClCompile>
    <ClCompile Include="..\source_moss\kernel\disk\filesystems\ext2\blockgroup.cpp">
      <Filter>source_moss\kernel\disk\filesystems\ext2</Filter>
    </ClCompile>
    <ClCompile Include="..\source_moss\kernel\disk\filesystems\filesystem.cpp">
      <Filter>source_moss\kernel\disk\filesystems</Filter>
    </ClCompile>
    <ClCompile Include="..\source_moss\kernel\disk\filesystems\fat\fat.cpp">
      <Filter>source_moss\kernel\disk\filesystems\fat</Filter>
    </ClCompile>
    <ClCompile Include="..\source_moss\kernel\disk\filesystems\lean\lean.cpp">
      <Filter>source_moss\kernel\disk\filesystems\lean</Filter>
    </ClCompile>
    <ClCompile Include="..\source_moss\kernel\graphics\vga\components.cpp">
      <Filter>source_moss\kernel\graphics\vga</Filter>
    </ClCompile>
    <ClCompile Include="..\source_moss\kernel\graphics\vga\terminal.cpp">
      <Filter>source_moss\kernel\graphics\vga</Filter>
    </ClCompile>
    <ClCompile Include="..\source_moss\kernel\serial.cpp">
      <Filter>source_moss\kernel</Filter>
    </ClCompile>
    <ClCompile Include="..\source_moss\kernel\interrupt\isr\isr-delegator.cpp">
      <Filter>source_moss\kernel\interrupt\isr</Filter>
    </ClCompile>
    <ClCompile Include="..\source_moss\kernel\interrupt\isr\isrs.cpp">
      <Filter>source_moss\kernel\interrupt\isr</Filter>
    </ClCompile>
  </ItemGroup>
  <ItemGroup>
    <ClInclude Include="..\source_moss\mossc\math.h">
      <Filter>source_moss\mossc</Filter>
    </ClInclude>
    <ClInclude Include="..\source_moss\mossc\stdio.h">
      <Filter>source_moss\mossc</Filter>
    </ClInclude>
    <ClInclude Include="..\source_moss\mossc\stdlib.h">
      <Filter>source_moss\mossc</Filter>
    </ClInclude>
    <ClInclude Include="..\source_moss\mossc\string.h">
      <Filter>source_moss\mossc</Filter>
    </ClInclude>
    <ClInclude Include="..\source_moss\kernel\boot\boot_memorymap.hpp">
      <Filter>source_moss\kernel\boot</Filter>
    </ClInclude>
    <ClInclude Include="..\source_moss\kernel\boot\multiboot.hpp">
      <Filter>source_moss\kernel\boot</Filter>
    </ClInclude>
    <ClInclude Include="..\source_moss\kernel\disk\ata\ata.hpp">
      <Filter>source_moss\kernel\disk\ata</Filter>
    </ClInclude>
    <ClInclude Include="..\source_moss\kernel\disk\ata\bus.hpp">
      <Filter>source_moss\kernel\disk\ata</Filter>
    </ClInclude>
    <ClInclude Include="..\source_moss\kernel\disk\ata\controller.hpp">
      <Filter>source_moss\kernel\disk\ata</Filter>
    </ClInclude>
    <ClInclude Include="..\source_moss\kernel\disk\ata\device.hpp">
      <Filter>source_moss\kernel\disk\ata</Filter>
    </ClInclude>
    <ClInclude Include="..\source_moss\kernel\disk\filesystems\ext2\block.hpp">
      <Filter>source_moss\kernel\disk\filesystems\ext2</Filter>
    </ClInclude>
    <ClInclude Include="..\source_moss\kernel\disk\filesystems\ext2\blockgroup.hpp">
      <Filter>source_moss\kernel\disk\filesystems\ext2</Filter>
    </ClInclude>
    <ClInclude Include="..\source_moss\kernel\disk\filesystems\ext2\common.hpp">
      <Filter>source_moss\kernel\disk\filesystems\ext2</Filter>
    </ClInclude>
    <ClInclude Include="..\source_moss\kernel\disk\filesystems\ext2\ext2.hpp">
      <Filter>source_moss\kernel\disk\filesystems\ext2</Filter>
    </ClInclude>
    <ClInclude Include="..\source_moss\kernel\disk\filesystems\ext2\inode.hpp">
      <Filter>source_moss\kernel\disk\filesystems\ext2</Filter>
    </ClInclude>
    <ClInclude Include="..\source_moss\kernel\disk\filesystems\ext2\superblock.hpp">
      <Filter>source_moss\kernel\disk\filesystems\ext2</Filter>
    </ClInclude>
    <ClInclude Include="..\source_moss\kernel\disk\filesystems\fat\fat.hpp">
      <Filter>source_moss\kernel\disk\filesystems\fat</Filter>
    </ClInclude>
    <ClInclude Include="..\source_moss\kernel\disk\filesystems\lean\lean.hpp">
      <Filter>source_moss\kernel\disk\filesystems\lean</Filter>
    </ClInclude>
    <ClInclude Include="..\source_moss\kernel\disk\filesystems\filesystem.hpp">
      <Filter>source_moss\kernel\disk\filesystems</Filter>
    </ClInclude>
    <ClInclude Include="..\source_moss\kernel\disk\disk.hpp">
      <Filter>source_moss\kernel\disk</Filter>
    </ClInclude>
    <ClInclude Include="..\source_moss\kernel\graphics\gui\button.hpp">
      <Filter>source_moss\kernel\graphics\gui</Filter>
    </ClInclude>
    <ClInclude Include="..\source_moss\kernel\graphics\gui\component.hpp">
      <Filter>source_moss\kernel\graphics\gui</Filter>
    </ClInclude>
    <ClInclude Include="..\source_moss\kernel\graphics\gui\frame.hpp">
      <Filter>source_moss\kernel\graphics\gui</Filter>
    </ClInclude>
    <ClInclude Include="..\source_moss\kernel\graphics\gui\manager.hpp">
      <Filter>source_moss\kernel\graphics\gui</Filter>
    </ClInclude>
    <ClInclude Include="..\source_moss\kernel\graphics\gui\mouse.hpp">
      <Filter>source_moss\kernel\graphics\gui</Filter>
    </ClInclude>
    <ClInclude Include="..\source_moss\kernel\graphics\gui\rect.hpp">
      <Filter>source_moss\kernel\graphics\gui</Filter>
    </ClInclude>
    <ClInclude Include="..\source_moss\kernel\graphics\vesa\controller.hpp">
      <Filter>source_moss\kernel\graphics\vesa</Filter>
    </ClInclude>
    <ClInclude Include="..\source_moss\kernel\graphics\vesa\framebuffer.hpp">
      <Filter>source_moss\kernel\graphics\vesa</Filter>
    </ClInclude>
    <ClInclude Include="..\source_moss\kernel\graphics\vesa\mode.hpp">
      <Filter>source_moss\kernel\graphics\vesa</Filter>
    </ClInclude>
    <ClInclude Include="..\source_moss\kernel\graphics\vga\components.hpp">
      <Filter>source_moss\kernel\graphics\vga</Filter>
    </ClInclude>
    <ClInclude Include="..\source_moss\kernel\graphics\vga\terminal.hpp">
      <Filter>source_moss\kernel\graphics\vga</Filter>
    </ClInclude>
    <ClInclude Include="..\source_moss\kernel\graphics\bg.hpp">
      <Filter>source_moss\kernel\graphics</Filter>
    </ClInclude>
    <ClInclude Include="..\source_moss\kernel\graphics\color.hpp">
      <Filter>source_moss\kernel\graphics</Filter>
    </ClInclude>
    <ClInclude Include="..\source_moss\kernel\graphics\font.hpp">
      <Filter>source_moss\kernel\graphics</Filter>
    </ClInclude>
    <ClInclude Include="..\source_moss\kernel\input\devices\controller_ps2.hpp">
      <Filter>source_moss\kernel\input\devices</Filter>
    </ClInclude>
    <ClInclude Include="..\source_moss\kernel\input\devices\interface_device_ps2.hpp">
      <Filter>source_moss\kernel\input\devices</Filter>
    </ClInclude>
    <ClInclude Include="..\source_moss\kernel\input\devices\interface_keyboard_ps2.hpp">
      <Filter>source_moss\kernel\input\devices</Filter>
    </ClInclude>
    <ClInclude Include="..\source_moss\kernel\input\devices\interface_mouse_ps2.hpp">
      <Filter>source_moss\kernel\input\devices</Filter>
    </ClInclude>
    <ClInclude Include="..\source_moss\kernel\input\keys.hpp">
      <Filter>source_moss\kernel\input</Filter>
    </ClInclude>
    <ClInclude Include="..\source_moss\kernel\input\mouse.hpp">
      <Filter>source_moss\kernel\input</Filter>
    </ClInclude>
    <ClInclude Include="..\source_moss\kernel\interrupt\isr\isr-delegator.hpp">
      <Filter>source_moss\kernel\interrupt\isr</Filter>
    </ClInclude>
    <ClInclude Include="..\source_moss\kernel\interrupt\isr\isrs.hpp">
      <Filter>source_moss\kernel\interrupt\isr</Filter>
    </ClInclude>
    <ClInclude Include="..\source_moss\kernel\interrupt\idt.hpp">
      <Filter>source_moss\kernel\interrupt</Filter>
    </ClInclude>
    <ClInclude Include="..\source_moss\kernel\interrupt\int32.hpp">
      <Filter>source_moss\kernel\interrupt</Filter>
    </ClInclude>
    <ClInclude Include="..\source_moss\kernel\interrupt\misc.hpp">
      <Filter>source_moss\kernel\interrupt</Filter>
    </ClInclude>
    <ClInclude Include="..\source_moss\kernel\interrupt\pic.hpp">
      <Filter>source_moss\kernel\interrupt</Filter>
    </ClInclude>
    <ClInclude Include="..\source_moss\kernel\io\io.hpp">
      <Filter>source_moss\kernel\io</Filter>
    </ClInclude>
    <ClInclude Include="..\source_moss\kernel\memory\gdt.hpp">
      <Filter>source_moss\kernel\memory</Filter>
    </ClInclude>
    <ClInclude Include="..\source_moss\kernel\memory\simple.hpp">
      <Filter>source_moss\kernel\memory</Filter>
    </ClInclude>
    <ClInclude Include="..\source_moss\kernel\kernel.hpp">
      <Filter>source_moss\kernel</Filter>
    </ClInclude>
    <ClInclude Include="..\source_moss\kernel\kernel_entry.hpp">
      <Filter>source_moss\kernel</Filter>
    </ClInclude>
    <ClInclude Include="..\source_moss\kernel\misc.hpp">
      <Filter>source_moss\kernel</Filter>
    </ClInclude>
    <ClInclude Include="..\source_moss\kernel\serial.hpp">
      <Filter>source_moss\kernel</Filter>
    </ClInclude>
    <ClInclude Include="..\source_moss\mossc\math\trig.hpp">
      <Filter>source_moss\mossc\math</Filter>
    </ClInclude>
    <ClInclude Include="..\source_moss\mossc\stdio\fmt_io.hpp">
      <Filter>source_moss\mossc\stdio</Filter>
    </ClInclude>
    <ClInclude Include="..\source_moss\mossc\stdlib\dyn_mem.hpp">
      <Filter>source_moss\mossc\stdlib</Filter>
    </ClInclude>
    <ClInclude Include="..\source_moss\mossc\stdlib\int_arith.hpp">
      <Filter>source_moss\mossc\stdlib</Filter>
    </ClInclude>
    <ClInclude Include="..\source_moss\mossc\string\comparison.hpp">
      <Filter>source_moss\mossc\string</Filter>
    </ClInclude>
    <ClInclude Include="..\source_moss\mossc\string\concatenation.hpp">
      <Filter>source_moss\mossc\string</Filter>
    </ClInclude>
    <ClInclude Include="..\source_moss\mossc\string\copying.hpp">
      <Filter>source_moss\mossc\string</Filter>
    </ClInclude>
    <ClInclude Include="..\source_moss\mossc\string\other.hpp">
      <Filter>source_moss\mossc\string</Filter>
    </ClInclude>
    <ClInclude Include="..\source_moss\mossc\string\searching.hpp">
      <Filter>source_moss\mossc\string</Filter>
    </ClInclude>
    <ClInclude Include="..\source_moss\mossc\_common.hpp">
      <Filter>source_moss\mossc</Filter>
    </ClInclude>
    <ClInclude Include="..\source_moss\mossc\_misc.hpp">
      <Filter>source_moss\mossc</Filter>
    </ClInclude>
    <ClInclude Include="..\source_moss\mosst\linked_list.hpp">
      <Filter>source_moss\mosst</Filter>
    </ClInclude>
    <ClInclude Include="..\source_moss\mosst\string.hpp">
      <Filter>source_moss\mosst</Filter>
    </ClInclude>
    <ClInclude Include="..\source_moss\mosst\vector.hpp">
      <Filter>source_moss\mosst</Filter>
    </ClInclude>
    <ClInclude Include="..\source_moss\includes.hpp">
      <Filter>source_moss</Filter>
    </ClInclude>
  </ItemGroup>
  <ItemGroup>
    <None Include="..\source_moss\kernel\boot\boot.asm">
      <Filter>source_moss\kernel\boot</Filter>
    </None>
    <None Include="..\source_moss\kernel\interrupt\idt.asm">
      <Filter>source_moss\kernel\interrupt</Filter>
    </None>
    <None Include="..\source_moss\kernel\interrupt\int32.asm">
      <Filter>source_moss\kernel\interrupt</Filter>
    </None>
    <None Include="..\source_moss\kernel\memory\gdt.asm">
      <Filter>source_moss\kernel\memory</Filter>
    </None>
    <None Include="..\source_moss\grub\e2fs_stage1_5">
      <Filter>source_moss\grub</Filter>
    </None>
    <None Include="..\source_moss\grub\grub.cfg">
      <Filter>source_moss\grub</Filter>
    </None>
    <None Include="..\source_moss\grub\menu.lst">
      <Filter>source_moss\grub</Filter>
    </None>
    <None Include="..\source_moss\grub\stage1">
      <Filter>source_moss\grub</Filter>
    </None>
    <None Include="..\source_moss\grub\stage2">
      <Filter>source_moss\grub</Filter>
    </None>
    <None Include="..\source_moss\mossc\cmath">
      <Filter>source_moss\mossc</Filter>
    </None>
    <None Include="..\source_moss\mossc\cstdio">
      <Filter>source_moss\mossc</Filter>
    </None>
    <None Include="..\source_moss\mossc\cstdlib">
      <Filter>source_moss\mossc</Filter>
    </None>
    <None Include="..\source_moss\mossc\cstring">
      <Filter>source_moss\mossc</Filter>
    </None>
    <None Include="..\source_moss\linker.ld">
      <Filter>source_moss</Filter>
    </None>
    <None Include="..\source_moss\kernel\interrupt\isr\isr-delegator.asm">
      <Filter>source_moss\kernel\interrupt\isr</Filter>
    </None>
  </ItemGroup>
</Project>