<?xml version="1.0" encoding="utf-8"?>
<Project ToolsVersion="4.0" xmlns="http://schemas.microsoft.com/developer/msbuild/2003">
  <ItemGroup>
    <Filter Include="kernel">
      <UniqueIdentifier>{b36dc3fd-f9c8-40a3-a0f0-c28b2bfa7887}</UniqueIdentifier>
    </Filter>
    <Filter Include="bootloader">
      <UniqueIdentifier>{0093a612-fdf9-4566-8631-ed00007d3217}</UniqueIdentifier>
    </Filter>
    <Filter Include="asm_helpers">
      <UniqueIdentifier>{1eadb784-405c-4581-b339-e92e9a3602eb}</UniqueIdentifier>
    </Filter>
  </ItemGroup>
  <ItemGroup>
    <ClCompile Include="MOSS\kernel\kernel.c">
      <Filter>kernel</Filter>
    </ClCompile>
  </ItemGroup>
  <ItemGroup>
    <None Include="MOSS\bootloader\bootloader.asm">
      <Filter>bootloader</Filter>
    </None>
    <None Include="MOSS\asm_helpers\print.asm">
      <Filter>asm_helpers</Filter>
    </None>
    <None Include="MOSS\kernel\jump.asm">
      <Filter>kernel</Filter>
    </None>
  </ItemGroup>
</Project>