
Microsoft Visual Studio Solution File, Format Version 11.00
# Visual Studio 2010
Project("{8BC9CEB8-8B4A-11D0-8D11-00A0C91BC942}") = "MOSS", "MOSS.vcxproj", "{04E3B400-FC69-4F9F-91F2-75302098AADC}"
EndProject
Global
	GlobalSection(SolutionConfigurationPlatforms) = preSolution
		Debug|Win32 = Debug|Win32
		Release|Win32 = Release|Win32
	EndGlobalSection
	GlobalSection(ProjectConfigurationPlatforms) = postSolution
		{04E3B400-FC69-4F9F-91F2-75302098AADC}.Debug|Win32.ActiveCfg = Debug|Win32
		{04E3B400-FC69-4F9F-91F2-75302098AADC}.Debug|Win32.Build.0 = Debug|Win32
		{04E3B400-FC69-4F9F-91F2-75302098AADC}.Release|Win32.ActiveCfg = Release|Win32
		{04E3B400-FC69-4F9F-91F2-75302098AADC}.Release|Win32.Build.0 = Release|Win32
	EndGlobalSection
	GlobalSection(SolutionProperties) = preSolution
		HideSolutionNode = FALSE
	EndGlobalSection
EndGlobal
