
Microsoft Visual Studio Solution File, Format Version 12.00
# Visual Studio 2013
VisualStudioVersion = 12.0.31206.0
MinimumVisualStudioVersion = 10.0.40219.1
Project("{8BC9CEB8-8B4A-11D0-8D11-00A0C91BC942}") = "MOSS", ".ides\MOSS.vcxproj", "{04E3B400-FC69-4F9F-91F2-75302098AADC}"
EndProject
Project("{8BC9CEB8-8B4A-11D0-8D11-00A0C91BC942}") = "TestMOSSC", ".ides\TestMOSSC.vcxproj", "{ED853E3A-6E69-4303-ADF1-D5BC17EDDA39}"
EndProject
Project("{8BC9CEB8-8B4A-11D0-8D11-00A0C91BC942}") = "TestMOSST", ".ides\TestMOSST.vcxproj", "{DCBB776B-1E39-4F3C-8359-27503B0EA33A}"
EndProject
Global
	GlobalSection(SolutionConfigurationPlatforms) = preSolution
		Debug|Win32 = Debug|Win32
		Debug|x64 = Debug|x64
		Release|Win32 = Release|Win32
		Release|x64 = Release|x64
	EndGlobalSection
	GlobalSection(ProjectConfigurationPlatforms) = postSolution
		{04E3B400-FC69-4F9F-91F2-75302098AADC}.Debug|Win32.ActiveCfg = Debug|Win32
		{04E3B400-FC69-4F9F-91F2-75302098AADC}.Debug|Win32.Build.0 = Debug|Win32
		{04E3B400-FC69-4F9F-91F2-75302098AADC}.Debug|x64.ActiveCfg = Debug|x64
		{04E3B400-FC69-4F9F-91F2-75302098AADC}.Debug|x64.Build.0 = Debug|x64
		{04E3B400-FC69-4F9F-91F2-75302098AADC}.Release|Win32.ActiveCfg = Release|Win32
		{04E3B400-FC69-4F9F-91F2-75302098AADC}.Release|Win32.Build.0 = Release|Win32
		{04E3B400-FC69-4F9F-91F2-75302098AADC}.Release|x64.ActiveCfg = Release|x64
		{04E3B400-FC69-4F9F-91F2-75302098AADC}.Release|x64.Build.0 = Release|x64
		{ED853E3A-6E69-4303-ADF1-D5BC17EDDA39}.Debug|Win32.ActiveCfg = Debug|Win32
		{ED853E3A-6E69-4303-ADF1-D5BC17EDDA39}.Debug|Win32.Build.0 = Debug|Win32
		{ED853E3A-6E69-4303-ADF1-D5BC17EDDA39}.Debug|x64.ActiveCfg = Debug|x64
		{ED853E3A-6E69-4303-ADF1-D5BC17EDDA39}.Debug|x64.Build.0 = Debug|x64
		{ED853E3A-6E69-4303-ADF1-D5BC17EDDA39}.Release|Win32.ActiveCfg = Release|Win32
		{ED853E3A-6E69-4303-ADF1-D5BC17EDDA39}.Release|Win32.Build.0 = Release|Win32
		{ED853E3A-6E69-4303-ADF1-D5BC17EDDA39}.Release|x64.ActiveCfg = Release|x64
		{ED853E3A-6E69-4303-ADF1-D5BC17EDDA39}.Release|x64.Build.0 = Release|x64
		{DCBB776B-1E39-4F3C-8359-27503B0EA33A}.Debug|Win32.ActiveCfg = Debug|Win32
		{DCBB776B-1E39-4F3C-8359-27503B0EA33A}.Debug|Win32.Build.0 = Debug|Win32
		{DCBB776B-1E39-4F3C-8359-27503B0EA33A}.Debug|x64.ActiveCfg = Debug|Win32
		{DCBB776B-1E39-4F3C-8359-27503B0EA33A}.Release|Win32.ActiveCfg = Release|Win32
		{DCBB776B-1E39-4F3C-8359-27503B0EA33A}.Release|Win32.Build.0 = Release|Win32
		{DCBB776B-1E39-4F3C-8359-27503B0EA33A}.Release|x64.ActiveCfg = Release|Win32
	EndGlobalSection
	GlobalSection(SolutionProperties) = preSolution
		HideSolutionNode = FALSE
	EndGlobalSection
EndGlobal
