<?xml version="1.0" encoding="utf-8"?>
<Project ToolsVersion="4.0" xmlns="http://schemas.microsoft.com/developer/msbuild/2003">
  <ItemGroup>
    <Filter Include="Source Files">
      <UniqueIdentifier>{4FC737F1-C7A5-4376-A066-2A32D752A2FF}</UniqueIdentifier>
      <Extensions>cpp;c;cc;cxx;def;odl;idl;hpj;bat;asm;asmx</Extensions>
    </Filter>
    <Filter Include="Header Files">
      <UniqueIdentifier>{93995380-89BD-4b04-88EB-625FBE52EBFB}</UniqueIdentifier>
      <Extensions>h;hpp;hxx;hm;inl;inc;xsd</Extensions>
    </Filter>
    <Filter Include="Resource Files">
      <UniqueIdentifier>{67DA6AB6-F800-4c08-8B7A-83BB121AAD01}</UniqueIdentifier>
      <Extensions>rc;ico;cur;bmp;dlg;rc2;rct;bin;rgs;gif;jpg;jpeg;jpe;resx;tiff;tif;png;wav;mfcribbon-ms</Extensions>
    </Filter>
    <Filter Include="Source Files\mossc">
      <UniqueIdentifier>{b1647de3-baa6-474c-ba75-ad62b0a226ef}</UniqueIdentifier>
    </Filter>
    <Filter Include="Source Files\mossc\math">
      <UniqueIdentifier>{7a02af41-8cb3-4b74-a73d-633878dbeb9b}</UniqueIdentifier>
    </Filter>
    <Filter Include="Source Files\mossc\stdio">
      <UniqueIdentifier>{b560fc0b-a051-42a2-be2b-462e1d8f4b7c}</UniqueIdentifier>
    </Filter>
    <Filter Include="Source Files\mossc\stdlib">
      <UniqueIdentifier>{76a2cb96-83ae-4efe-b2bb-587f05840987}</UniqueIdentifier>
    </Filter>
    <Filter Include="Source Files\mossc\string">
      <UniqueIdentifier>{a567818e-6ff6-46fd-9d5c-7a27525d61c1}</UniqueIdentifier>
    </Filter>
    <Filter Include="Source Files\testmossc">
      <UniqueIdentifier>{f79f53a7-0d1f-4327-8fc2-a5117cb690c4}</UniqueIdentifier>
    </Filter>
  </ItemGroup>
  <ItemGroup>
    <ClCompile Include="source\mossc\math\trig.cpp">
      <Filter>Source Files\mossc\math</Filter>
    </ClCompile>
    <ClCompile Include="source\mossc\stdio\fmt_io.cpp">
      <Filter>Source Files\mossc\stdio</Filter>
    </ClCompile>
    <ClCompile Include="source\mossc\stdlib\int_arith.cpp">
      <Filter>Source Files\mossc\stdlib</Filter>
    </ClCompile>
    <ClCompile Include="source\mossc\string\comparison.cpp">
      <Filter>Source Files\mossc\string</Filter>
    </ClCompile>
    <ClCompile Include="source\mossc\string\concatenation.cpp">
      <Filter>Source Files\mossc\string</Filter>
    </ClCompile>
    <ClCompile Include="source\mossc\string\copying.cpp">
      <Filter>Source Files\mossc\string</Filter>
    </ClCompile>
    <ClCompile Include="source\mossc\string\other.cpp">
      <Filter>Source Files\mossc\string</Filter>
    </ClCompile>
    <ClCompile Include="source\mossc\string\searching.cpp">
      <Filter>Source Files\mossc\string</Filter>
    </ClCompile>
    <ClCompile Include="source\mossc\_misc.cpp">
      <Filter>Source Files\mossc</Filter>
    </ClCompile>
    <ClCompile Include="testmossc\main.cpp">
      <Filter>Source Files\testmossc</Filter>
    </ClCompile>
  </ItemGroup>
  <ItemGroup>
    <ClInclude Include="source\mossc\math\trig.h">
      <Filter>Source Files\mossc\math</Filter>
    </ClInclude>
    <ClInclude Include="source\mossc\stdio\fmt_io.h">
      <Filter>Source Files\mossc\stdio</Filter>
    </ClInclude>
    <ClInclude Include="source\mossc\stdlib\int_arith.h">
      <Filter>Source Files\mossc\stdlib</Filter>
    </ClInclude>
    <ClInclude Include="source\mossc\string\comparison.h">
      <Filter>Source Files\mossc\string</Filter>
    </ClInclude>
    <ClInclude Include="source\mossc\string\concatenation.h">
      <Filter>Source Files\mossc\string</Filter>
    </ClInclude>
    <ClInclude Include="source\mossc\string\copying.h">
      <Filter>Source Files\mossc\string</Filter>
    </ClInclude>
    <ClInclude Include="source\mossc\string\other.h">
      <Filter>Source Files\mossc\string</Filter>
    </ClInclude>
    <ClInclude Include="source\mossc\string\searching.h">
      <Filter>Source Files\mossc\string</Filter>
    </ClInclude>
    <ClInclude Include="source\mossc\_common.h">
      <Filter>Source Files\mossc</Filter>
    </ClInclude>
    <ClInclude Include="source\mossc\_misc.h">
      <Filter>Source Files\mossc</Filter>
    </ClInclude>
    <ClInclude Include="source\mossc\math.h">
      <Filter>Source Files\mossc</Filter>
    </ClInclude>
    <ClInclude Include="source\mossc\stdio.h">
      <Filter>Source Files\mossc</Filter>
    </ClInclude>
    <ClInclude Include="source\mossc\stdlib.h">
      <Filter>Source Files\mossc</Filter>
    </ClInclude>
    <ClInclude Include="source\mossc\string.h">
      <Filter>Source Files\mossc</Filter>
    </ClInclude>
  </ItemGroup>
  <ItemGroup>
    <None Include="source\mossc\cmath">
      <Filter>Source Files\mossc</Filter>
    </None>
    <None Include="source\mossc\cstdio">
      <Filter>Source Files\mossc</Filter>
    </None>
    <None Include="source\mossc\cstdlib">
      <Filter>Source Files\mossc</Filter>
    </None>
    <None Include="source\mossc\cstring">
      <Filter>Source Files\mossc</Filter>
    </None>
  </ItemGroup>
</Project>